
Microsoft Visual Studio Solution File, Format Version 12.00
# Visual Studio 15
Project("{FAE04EC0-301F-11D3-BF4B-00C04F79EFBC}") = "GetDisplay", "GetDisplay.csproj", "{B350ED1A-5DC6-4A2C-9C11-DA59531CB2F9}"
EndProject
Project("{FAE04EC0-301F-11D3-BF4B-00C04F79EFBC}") = "User", "User\User.csproj", "{0CB1CE9C-E98C-43B3-ABB0-2A4D2CAD9798}"
EndProject
Global
	GlobalSection(SolutionConfigurationPlatforms) = preSolution
		Debug|Any CPU = Debug|Any CPU
		Release|Any CPU = Release|Any CPU
	EndGlobalSection
	GlobalSection(ProjectConfigurationPlatforms) = postSolution
		{B350ED1A-5DC6-4A2C-9C11-DA59531CB2F9}.Debug|Any CPU.ActiveCfg = Debug|Any CPU
		{B350ED1A-5DC6-4A2C-9C11-DA59531CB2F9}.Debug|Any CPU.Build.0 = Debug|Any CPU
		{B350ED1A-5DC6-4A2C-9C11-DA59531CB2F9}.Release|Any CPU.ActiveCfg = Release|Any CPU
		{B350ED1A-5DC6-4A2C-9C11-DA59531CB2F9}.Release|Any CPU.Build.0 = Release|Any CPU
		{0CB1CE9C-E98C-43B3-ABB0-2A4D2CAD9798}.Debug|Any CPU.ActiveCfg = Debug|Any CPU
		{0CB1CE9C-E98C-43B3-ABB0-2A4D2CAD9798}.Debug|Any CPU.Build.0 = Debug|Any CPU
		{0CB1CE9C-E98C-43B3-ABB0-2A4D2CAD9798}.Release|Any CPU.ActiveCfg = Release|Any CPU
		{0CB1CE9C-E98C-43B3-ABB0-2A4D2CAD9798}.Release|Any CPU.Build.0 = Release|Any CPU
	EndGlobalSection
EndGlobal
